
Microsoft Visual Studio Solution File, Format Version 12.00
# Visual Studio Version 16
VisualStudioVersion = 16.0.30204.135
MinimumVisualStudioVersion = 10.0.40219.1
Project("{9A19103F-16F7-4668-BE54-9A1E7A4F7556}") = "Project0", "Project0.csproj", "{37D50114-2EE3-466B-8EEA-D704B01E947A}"
EndProject
Project("{FAE04EC0-301F-11D3-BF4B-00C04F79EFBC}") = "Project0.Testing", "Project0.Testing\Project0.Testing.csproj", "{CEDF217F-4BD2-42B0-8785-D0E379435359}"
EndProject
Global
	GlobalSection(SolutionConfigurationPlatforms) = preSolution
		Debug|Any CPU = Debug|Any CPU
		Release|Any CPU = Release|Any CPU
	EndGlobalSection
	GlobalSection(ProjectConfigurationPlatforms) = postSolution
		{37D50114-2EE3-466B-8EEA-D704B01E947A}.Debug|Any CPU.ActiveCfg = Debug|Any CPU
		{37D50114-2EE3-466B-8EEA-D704B01E947A}.Debug|Any CPU.Build.0 = Debug|Any CPU
		{37D50114-2EE3-466B-8EEA-D704B01E947A}.Release|Any CPU.ActiveCfg = Release|Any CPU
		{37D50114-2EE3-466B-8EEA-D704B01E947A}.Release|Any CPU.Build.0 = Release|Any CPU
		{CEDF217F-4BD2-42B0-8785-D0E379435359}.Debug|Any CPU.ActiveCfg = Debug|Any CPU
		{CEDF217F-4BD2-42B0-8785-D0E379435359}.Debug|Any CPU.Build.0 = Debug|Any CPU
		{CEDF217F-4BD2-42B0-8785-D0E379435359}.Release|Any CPU.ActiveCfg = Release|Any CPU
		{CEDF217F-4BD2-42B0-8785-D0E379435359}.Release|Any CPU.Build.0 = Release|Any CPU
	EndGlobalSection
	GlobalSection(SolutionProperties) = preSolution
		HideSolutionNode = FALSE
	EndGlobalSection
	GlobalSection(ExtensibilityGlobals) = postSolution
		SolutionGuid = {6D09601B-C11B-46D7-85BC-BC17131D069C}
	EndGlobalSection
EndGlobal
